
Microsoft Visual Studio Solution File, Format Version 12.00
# Visual Studio Version 17
VisualStudioVersion = 17.4.33205.214
MinimumVisualStudioVersion = 10.0.40219.1
Project("{9A19103F-16F7-4668-BE54-9A1E7A4F7556}") = "FuelStation.Model", "FuelStation.Model\FuelStation.Model.csproj", "{39AF3361-EF7E-4B4F-BB57-9C392F6807A5}"
EndProject
Project("{9A19103F-16F7-4668-BE54-9A1E7A4F7556}") = "FuelStation.EF", "FuelStation.EF\FuelStation.EF.csproj", "{C2F0A990-F994-4171-BD78-0C5E1335F821}"
EndProject
Project("{9A19103F-16F7-4668-BE54-9A1E7A4F7556}") = "FuelStation.Blazor.Web.Server", "FuelStation.Blazor.Web\Server\FuelStation.Blazor.Web.Server.csproj", "{5A126623-7875-4EAE-8AA2-C558A7B21A4A}"
EndProject
Project("{9A19103F-16F7-4668-BE54-9A1E7A4F7556}") = "FuelStation.Blazor.Web.Client", "FuelStation.Blazor.Web\Client\FuelStation.Blazor.Web.Client.csproj", "{0A13CFD4-C86D-4CF4-A12D-ABF0995C69F0}"
EndProject
Project("{9A19103F-16F7-4668-BE54-9A1E7A4F7556}") = "FuelStation.Blazor.Web.Shared", "FuelStation.Blazor.Web\Shared\FuelStation.Blazor.Web.Shared.csproj", "{EF88B631-472A-4C25-A196-FF0F3A357448}"
EndProject
Project("{FAE04EC0-301F-11D3-BF4B-00C04F79EFBC}") = "FuelStation.Win", "FuelStation.Win\FuelStation.Win.csproj", "{78472DD3-B330-4FCA-BB8B-717D5ED2A9F2}"
EndProject
Global
	GlobalSection(SolutionConfigurationPlatforms) = preSolution
		Debug|Any CPU = Debug|Any CPU
		Release|Any CPU = Release|Any CPU
	EndGlobalSection
	GlobalSection(ProjectConfigurationPlatforms) = postSolution
		{39AF3361-EF7E-4B4F-BB57-9C392F6807A5}.Debug|Any CPU.ActiveCfg = Debug|Any CPU
		{39AF3361-EF7E-4B4F-BB57-9C392F6807A5}.Debug|Any CPU.Build.0 = Debug|Any CPU
		{39AF3361-EF7E-4B4F-BB57-9C392F6807A5}.Release|Any CPU.ActiveCfg = Release|Any CPU
		{39AF3361-EF7E-4B4F-BB57-9C392F6807A5}.Release|Any CPU.Build.0 = Release|Any CPU
		{C2F0A990-F994-4171-BD78-0C5E1335F821}.Debug|Any CPU.ActiveCfg = Debug|Any CPU
		{C2F0A990-F994-4171-BD78-0C5E1335F821}.Debug|Any CPU.Build.0 = Debug|Any CPU
		{C2F0A990-F994-4171-BD78-0C5E1335F821}.Release|Any CPU.ActiveCfg = Release|Any CPU
		{C2F0A990-F994-4171-BD78-0C5E1335F821}.Release|Any CPU.Build.0 = Release|Any CPU
		{5A126623-7875-4EAE-8AA2-C558A7B21A4A}.Debug|Any CPU.ActiveCfg = Debug|Any CPU
		{5A126623-7875-4EAE-8AA2-C558A7B21A4A}.Debug|Any CPU.Build.0 = Debug|Any CPU
		{5A126623-7875-4EAE-8AA2-C558A7B21A4A}.Release|Any CPU.ActiveCfg = Release|Any CPU
		{5A126623-7875-4EAE-8AA2-C558A7B21A4A}.Release|Any CPU.Build.0 = Release|Any CPU
		{0A13CFD4-C86D-4CF4-A12D-ABF0995C69F0}.Debug|Any CPU.ActiveCfg = Debug|Any CPU
		{0A13CFD4-C86D-4CF4-A12D-ABF0995C69F0}.Debug|Any CPU.Build.0 = Debug|Any CPU
		{0A13CFD4-C86D-4CF4-A12D-ABF0995C69F0}.Release|Any CPU.ActiveCfg = Release|Any CPU
		{0A13CFD4-C86D-4CF4-A12D-ABF0995C69F0}.Release|Any CPU.Build.0 = Release|Any CPU
		{EF88B631-472A-4C25-A196-FF0F3A357448}.Debug|Any CPU.ActiveCfg = Debug|Any CPU
		{EF88B631-472A-4C25-A196-FF0F3A357448}.Debug|Any CPU.Build.0 = Debug|Any CPU
		{EF88B631-472A-4C25-A196-FF0F3A357448}.Release|Any CPU.ActiveCfg = Release|Any CPU
		{EF88B631-472A-4C25-A196-FF0F3A357448}.Release|Any CPU.Build.0 = Release|Any CPU
		{78472DD3-B330-4FCA-BB8B-717D5ED2A9F2}.Debug|Any CPU.ActiveCfg = Debug|Any CPU
		{78472DD3-B330-4FCA-BB8B-717D5ED2A9F2}.Debug|Any CPU.Build.0 = Debug|Any CPU
		{78472DD3-B330-4FCA-BB8B-717D5ED2A9F2}.Release|Any CPU.ActiveCfg = Release|Any CPU
		{78472DD3-B330-4FCA-BB8B-717D5ED2A9F2}.Release|Any CPU.Build.0 = Release|Any CPU
	EndGlobalSection
	GlobalSection(SolutionProperties) = preSolution
		HideSolutionNode = FALSE
	EndGlobalSection
	GlobalSection(ExtensibilityGlobals) = postSolution
		SolutionGuid = {3746C2FA-F4FE-40A0-8D7C-5E47288E7573}
	EndGlobalSection
EndGlobal
