
Microsoft Visual Studio Solution File, Format Version 12.00
# Visual Studio Version 17
VisualStudioVersion = 17.4.33205.214
MinimumVisualStudioVersion = 10.0.40219.1
Project("{FAE04EC0-301F-11D3-BF4B-00C04F79EFBC}") = "Session-09", "Session-09\Session-09.csproj", "{9BBF5881-4C56-4169-BA84-4D21238A7384}"
EndProject
Project("{FAE04EC0-301F-11D3-BF4B-00C04F79EFBC}") = "CalculatorLib", "CalculatorLib\CalculatorLib.csproj", "{AA92EDEF-CAAC-4800-99B3-F34DF04176E8}"
EndProject
Global
	GlobalSection(SolutionConfigurationPlatforms) = preSolution
		Debug|Any CPU = Debug|Any CPU
		Release|Any CPU = Release|Any CPU
	EndGlobalSection
	GlobalSection(ProjectConfigurationPlatforms) = postSolution
		{9BBF5881-4C56-4169-BA84-4D21238A7384}.Debug|Any CPU.ActiveCfg = Debug|Any CPU
		{9BBF5881-4C56-4169-BA84-4D21238A7384}.Debug|Any CPU.Build.0 = Debug|Any CPU
		{9BBF5881-4C56-4169-BA84-4D21238A7384}.Release|Any CPU.ActiveCfg = Release|Any CPU
		{9BBF5881-4C56-4169-BA84-4D21238A7384}.Release|Any CPU.Build.0 = Release|Any CPU
		{AA92EDEF-CAAC-4800-99B3-F34DF04176E8}.Debug|Any CPU.ActiveCfg = Debug|Any CPU
		{AA92EDEF-CAAC-4800-99B3-F34DF04176E8}.Debug|Any CPU.Build.0 = Debug|Any CPU
		{AA92EDEF-CAAC-4800-99B3-F34DF04176E8}.Release|Any CPU.ActiveCfg = Release|Any CPU
		{AA92EDEF-CAAC-4800-99B3-F34DF04176E8}.Release|Any CPU.Build.0 = Release|Any CPU
	EndGlobalSection
	GlobalSection(SolutionProperties) = preSolution
		HideSolutionNode = FALSE
	EndGlobalSection
	GlobalSection(ExtensibilityGlobals) = postSolution
		SolutionGuid = {62F33F58-DEE5-49A3-B2F9-C7A3C47F9761}
	EndGlobalSection
EndGlobal
